
Microsoft Visual Studio Solution File, Format Version 12.00
# Visual Studio 15
VisualStudioVersion = 15.0.28307.168
MinimumVisualStudioVersion = 10.0.40219.1
Project("{F184B08F-C81C-45F6-A57F-5ABD9991F28F}") = "StudentGrades", "StudentGrades\StudentGrades.vbproj", "{D18C87FC-E612-423E-BE21-CFB32569C337}"
EndProject
Global
	GlobalSection(SolutionConfigurationPlatforms) = preSolution
		Debug|Any CPU = Debug|Any CPU
		Release|Any CPU = Release|Any CPU
	EndGlobalSection
	GlobalSection(ProjectConfigurationPlatforms) = postSolution
		{D18C87FC-E612-423E-BE21-CFB32569C337}.Debug|Any CPU.ActiveCfg = Debug|Any CPU
		{D18C87FC-E612-423E-BE21-CFB32569C337}.Debug|Any CPU.Build.0 = Debug|Any CPU
		{D18C87FC-E612-423E-BE21-CFB32569C337}.Release|Any CPU.ActiveCfg = Release|Any CPU
		{D18C87FC-E612-423E-BE21-CFB32569C337}.Release|Any CPU.Build.0 = Release|Any CPU
	EndGlobalSection
	GlobalSection(SolutionProperties) = preSolution
		HideSolutionNode = FALSE
	EndGlobalSection
	GlobalSection(ExtensibilityGlobals) = postSolution
		SolutionGuid = {0D8517B3-A85E-49DB-AE8F-31C5961FB144}
	EndGlobalSection
EndGlobal
